
Microsoft Visual Studio Solution File, Format Version 12.00
# Visual Studio Version 17
VisualStudioVersion = 17.7.34221.43
MinimumVisualStudioVersion = 10.0.40219.1
Project("{8BC9CEB8-8B4A-11D0-8D11-00A0C91BC942}") = "乘法表", "乘法表.vcxproj", "{2B535622-18BD-46B0-AB77-8253DC0B891E}"
EndProject
Global
	GlobalSection(SolutionConfigurationPlatforms) = preSolution
		Debug|x64 = Debug|x64
		Debug|x86 = Debug|x86
		Release|x64 = Release|x64
		Release|x86 = Release|x86
	EndGlobalSection
	GlobalSection(ProjectConfigurationPlatforms) = postSolution
		{2B535622-18BD-46B0-AB77-8253DC0B891E}.Debug|x64.ActiveCfg = Debug|x64
		{2B535622-18BD-46B0-AB77-8253DC0B891E}.Debug|x64.Build.0 = Debug|x64
		{2B535622-18BD-46B0-AB77-8253DC0B891E}.Debug|x86.ActiveCfg = Debug|Win32
		{2B535622-18BD-46B0-AB77-8253DC0B891E}.Debug|x86.Build.0 = Debug|Win32
		{2B535622-18BD-46B0-AB77-8253DC0B891E}.Release|x64.ActiveCfg = Release|x64
		{2B535622-18BD-46B0-AB77-8253DC0B891E}.Release|x64.Build.0 = Release|x64
		{2B535622-18BD-46B0-AB77-8253DC0B891E}.Release|x86.ActiveCfg = Release|Win32
		{2B535622-18BD-46B0-AB77-8253DC0B891E}.Release|x86.Build.0 = Release|Win32
	EndGlobalSection
	GlobalSection(SolutionProperties) = preSolution
		HideSolutionNode = FALSE
	EndGlobalSection
	GlobalSection(ExtensibilityGlobals) = postSolution
		SolutionGuid = {F4C5D198-50BB-4646-8579-D28CAD89C68A}
	EndGlobalSection
EndGlobal
